
Microsoft Visual Studio Solution File, Format Version 12.00
# Visual Studio 15
VisualStudioVersion = 15.0.28307.329
MinimumVisualStudioVersion = 10.0.40219.1
Project("{9A19103F-16F7-4668-BE54-9A1E7A4F7556}") = "NJsonApi", "NJsonApi\NJsonApi.csproj", "{39073AC4-47C1-4C0E-87E1-E48FA606D165}"
EndProject
Project("{9A19103F-16F7-4668-BE54-9A1E7A4F7556}") = "NJsonApi.Common", "NJsonApi.Common\NJsonApi.Common.csproj", "{59E4C7F0-DAA5-462C-BAB2-6BD36787D122}"
EndProject
Project("{9A19103F-16F7-4668-BE54-9A1E7A4F7556}") = "NJsonApi.Common.Test", "NJsonApi.Common.Test\NJsonApi.Common.Test.csproj", "{346A3785-EB5B-43C0-9C0C-ADF5A22BC8E2}"
EndProject
Project("{9A19103F-16F7-4668-BE54-9A1E7A4F7556}") = "NJsonApi.Test", "NJsonApi.Test\NJsonApi.Test.csproj", "{D893BD32-7E79-44DB-AC75-423102B69816}"
EndProject
Global
	GlobalSection(SolutionConfigurationPlatforms) = preSolution
		Debug|Any CPU = Debug|Any CPU
		Release|Any CPU = Release|Any CPU
	EndGlobalSection
	GlobalSection(ProjectConfigurationPlatforms) = postSolution
		{39073AC4-47C1-4C0E-87E1-E48FA606D165}.Debug|Any CPU.ActiveCfg = Debug|Any CPU
		{39073AC4-47C1-4C0E-87E1-E48FA606D165}.Debug|Any CPU.Build.0 = Debug|Any CPU
		{39073AC4-47C1-4C0E-87E1-E48FA606D165}.Release|Any CPU.ActiveCfg = Release|Any CPU
		{39073AC4-47C1-4C0E-87E1-E48FA606D165}.Release|Any CPU.Build.0 = Release|Any CPU
		{59E4C7F0-DAA5-462C-BAB2-6BD36787D122}.Debug|Any CPU.ActiveCfg = Debug|Any CPU
		{59E4C7F0-DAA5-462C-BAB2-6BD36787D122}.Debug|Any CPU.Build.0 = Debug|Any CPU
		{59E4C7F0-DAA5-462C-BAB2-6BD36787D122}.Release|Any CPU.ActiveCfg = Release|Any CPU
		{59E4C7F0-DAA5-462C-BAB2-6BD36787D122}.Release|Any CPU.Build.0 = Release|Any CPU
		{346A3785-EB5B-43C0-9C0C-ADF5A22BC8E2}.Debug|Any CPU.ActiveCfg = Debug|Any CPU
		{346A3785-EB5B-43C0-9C0C-ADF5A22BC8E2}.Debug|Any CPU.Build.0 = Debug|Any CPU
		{346A3785-EB5B-43C0-9C0C-ADF5A22BC8E2}.Release|Any CPU.ActiveCfg = Release|Any CPU
		{346A3785-EB5B-43C0-9C0C-ADF5A22BC8E2}.Release|Any CPU.Build.0 = Release|Any CPU
		{D893BD32-7E79-44DB-AC75-423102B69816}.Debug|Any CPU.ActiveCfg = Debug|Any CPU
		{D893BD32-7E79-44DB-AC75-423102B69816}.Debug|Any CPU.Build.0 = Debug|Any CPU
		{D893BD32-7E79-44DB-AC75-423102B69816}.Release|Any CPU.ActiveCfg = Release|Any CPU
		{D893BD32-7E79-44DB-AC75-423102B69816}.Release|Any CPU.Build.0 = Release|Any CPU
	EndGlobalSection
	GlobalSection(SolutionProperties) = preSolution
		HideSolutionNode = FALSE
	EndGlobalSection
	GlobalSection(ExtensibilityGlobals) = postSolution
		SolutionGuid = {263FD6B8-9DD9-40BD-B65E-D8AF2A1E32CD}
	EndGlobalSection
EndGlobal
